
Microsoft Visual Studio Solution File, Format Version 12.00
# Visual Studio Version 17
VisualStudioVersion = 17.14.36221.1
MinimumVisualStudioVersion = 10.0.40219.1
Project("{FAE04EC0-301F-11D3-BF4B-00C04F79EFBC}") = "AI.Caller.Phone", "src\AI.Caller.Phone\AI.Caller.Phone.csproj", "{C5F6FCD9-004E-4F4C-BEA1-BB2943ED348B}"
EndProject
Project("{FAE04EC0-301F-11D3-BF4B-00C04F79EFBC}") = "AI.Caller.Core", "src\AI.Caller.Core\AI.Caller.Core.csproj", "{EF55B484-8A1D-4F01-91EB-473F85F91744}"
EndProject
Project("{FAE04EC0-301F-11D3-BF4B-00C04F79EFBC}") = "AI.Caller.Core.Tests", "src\AI.Caller.Core.Tests\AI.Caller.Core.Tests.csproj", "{4932E5EC-061F-602F-58BA-022F127F53E1}"
EndProject
Global
	GlobalSection(SolutionConfigurationPlatforms) = preSolution
		Debug|Any CPU = Debug|Any CPU
		Release|Any CPU = Release|Any CPU
	EndGlobalSection
	GlobalSection(ProjectConfigurationPlatforms) = postSolution
		{C5F6FCD9-004E-4F4C-BEA1-BB2943ED348B}.Debug|Any CPU.ActiveCfg = Debug|Any CPU
		{C5F6FCD9-004E-4F4C-BEA1-BB2943ED348B}.Debug|Any CPU.Build.0 = Debug|Any CPU
		{C5F6FCD9-004E-4F4C-BEA1-BB2943ED348B}.Release|Any CPU.ActiveCfg = Release|Any CPU
		{C5F6FCD9-004E-4F4C-BEA1-BB2943ED348B}.Release|Any CPU.Build.0 = Release|Any CPU
		{EF55B484-8A1D-4F01-91EB-473F85F91744}.Debug|Any CPU.ActiveCfg = Debug|Any CPU
		{EF55B484-8A1D-4F01-91EB-473F85F91744}.Debug|Any CPU.Build.0 = Debug|Any CPU
		{EF55B484-8A1D-4F01-91EB-473F85F91744}.Release|Any CPU.ActiveCfg = Release|Any CPU
		{EF55B484-8A1D-4F01-91EB-473F85F91744}.Release|Any CPU.Build.0 = Release|Any CPU
		{4932E5EC-061F-602F-58BA-022F127F53E1}.Debug|Any CPU.ActiveCfg = Debug|Any CPU
		{4932E5EC-061F-602F-58BA-022F127F53E1}.Debug|Any CPU.Build.0 = Debug|Any CPU
		{4932E5EC-061F-602F-58BA-022F127F53E1}.Release|Any CPU.ActiveCfg = Release|Any CPU
		{4932E5EC-061F-602F-58BA-022F127F53E1}.Release|Any CPU.Build.0 = Release|Any CPU
	EndGlobalSection
	GlobalSection(SolutionProperties) = preSolution
		HideSolutionNode = FALSE
	EndGlobalSection
	GlobalSection(ExtensibilityGlobals) = postSolution
		SolutionGuid = {0D38A03C-E571-4C00-AF9E-28F7AF653D0D}
	EndGlobalSection
EndGlobal
